
Microsoft Visual Studio Solution File, Format Version 12.00
# Visual Studio Version 17
VisualStudioVersion = 17.1.32328.378
MinimumVisualStudioVersion = 10.0.40219.1
Project("{FAE04EC0-301F-11D3-BF4B-00C04F79EFBC}") = "shoese", "shoese\shoese.csproj", "{E9003D54-30DF-4A2D-973C-8E183973665D}"
EndProject
Global
	GlobalSection(SolutionConfigurationPlatforms) = preSolution
		Debug|Any CPU = Debug|Any CPU
		Release|Any CPU = Release|Any CPU
	EndGlobalSection
	GlobalSection(ProjectConfigurationPlatforms) = postSolution
		{E9003D54-30DF-4A2D-973C-8E183973665D}.Debug|Any CPU.ActiveCfg = Debug|Any CPU
		{E9003D54-30DF-4A2D-973C-8E183973665D}.Debug|Any CPU.Build.0 = Debug|Any CPU
		{E9003D54-30DF-4A2D-973C-8E183973665D}.Release|Any CPU.ActiveCfg = Release|Any CPU
		{E9003D54-30DF-4A2D-973C-8E183973665D}.Release|Any CPU.Build.0 = Release|Any CPU
	EndGlobalSection
	GlobalSection(SolutionProperties) = preSolution
		HideSolutionNode = FALSE
	EndGlobalSection
	GlobalSection(ExtensibilityGlobals) = postSolution
		SolutionGuid = {0DB86ADF-652B-4B6C-A7D5-8A2621BF840F}
	EndGlobalSection
EndGlobal
